// !$*UTF8*$!
{
	archiveVersion = 1;
	classes = {
	};
	objectVersion = 46;
	objects = {

/* Begin PBXBuildFile section */
		29553A5A1E943CB900623A95 /* AppDelegate.swift in Sources */ = {isa = PBXBuildFile; fileRef = 29553A591E943CB900623A95 /* AppDelegate.swift */; };
		29553A5C1E943CB900623A95 /* ViewController.swift in Sources */ = {isa = PBXBuildFile; fileRef = 29553A5B1E943CB900623A95 /* ViewController.swift */; };
		29553A5F1E943CB900623A95 /* Main.storyboard in Resources */ = {isa = PBXBuildFile; fileRef = 29553A5D1E943CB900623A95 /* Main.storyboard */; };
		29553A621E943CB900623A95 /* Raketa_iOS.xcdatamodeld in Sources */ = {isa = PBXBuildFile; fileRef = 29553A601E943CB900623A95 /* Raketa_iOS.xcdatamodeld */; };
		29553A641E943CB900623A95 /* Assets.xcassets in Resources */ = {isa = PBXBuildFile; fileRef = 29553A631E943CB900623A95 /* Assets.xcassets */; };
		29553A671E943CB900623A95 /* LaunchScreen.storyboard in Resources */ = {isa = PBXBuildFile; fileRef = 29553A651E943CB900623A95 /* LaunchScreen.storyboard */; };
		29553A721E943CB900623A95 /* Raketa_iOSTests.swift in Sources */ = {isa = PBXBuildFile; fileRef = 29553A711E943CB900623A95 /* Raketa_iOSTests.swift */; };
		29553A7D1E943CB900623A95 /* Raketa_iOSUITests.swift in Sources */ = {isa = PBXBuildFile; fileRef = 29553A7C1E943CB900623A95 /* Raketa_iOSUITests.swift */; };
/* End PBXBuildFile section */

/* Begin PBXContainerItemProxy section */
		29553A6E1E943CB900623A95 /* PBXContainerItemProxy */ = {
			isa = PBXContainerItemProxy;
			containerPortal = 29553A4E1E943CB900623A95 /* Project object */;
			proxyType = 1;
			remoteGlobalIDString = 29553A551E943CB900623A95;
			remoteInfo = "Raketa-iOS";
		};
		29553A791E943CB900623A95 /* PBXContainerItemProxy */ = {
			isa = PBXContainerItemProxy;
			containerPortal = 29553A4E1E943CB900623A95 /* Project object */;
			proxyType = 1;
			remoteGlobalIDString = 29553A551E943CB900623A95;
			remoteInfo = "Raketa-iOS";
		};
/* End PBXContainerItemProxy section */

/* Begin PBXFileReference section */
		29553A561E943CB900623A95 /* Raketa-iOS.app */ = {isa = PBXFileReference; explicitFileType = wrapper.application; includeInIndex = 0; path = "Raketa-iOS.app"; sourceTree = BUILT_PRODUCTS_DIR; };
		29553A591E943CB900623A95 /* AppDelegate.swift */ = {isa = PBXFileReference; lastKnownFileType = sourcecode.swift; path = AppDelegate.swift; sourceTree = "<group>"; };
		29553A5B1E943CB900623A95 /* ViewController.swift */ = {isa = PBXFileReference; lastKnownFileType = sourcecode.swift; path = ViewController.swift; sourceTree = "<group>"; };
		29553A5E1E943CB900623A95 /* Base */ = {isa = PBXFileReference; lastKnownFileType = file.storyboard; name = Base; path = Base.lproj/Main.storyboard; sourceTree = "<group>"; };
		29553A611E943CB900623A95 /* Raketa_iOS.xcdatamodel */ = {isa = PBXFileReference; lastKnownFileType = wrapper.xcdatamodel; path = Raketa_iOS.xcdatamodel; sourceTree = "<group>"; };
		29553A631E943CB900623A95 /* Assets.xcassets */ = {isa = PBXFileReference; lastKnownFileType = folder.assetcatalog; path = Assets.xcassets; sourceTree = "<group>"; };
		29553A661E943CB900623A95 /* Base */ = {isa = PBXFileReference; lastKnownFileType = file.storyboard; name = Base; path = Base.lproj/LaunchScreen.storyboard; sourceTree = "<group>"; };
		29553A681E943CB900623A95 /* Info.plist */ = {isa = PBXFileReference; lastKnownFileType = text.plist.xml; path = Info.plist; sourceTree = "<group>"; };
		29553A6D1E943CB900623A95 /* Raketa-iOSTests.xctest */ = {isa = PBXFileReference; explicitFileType = wrapper.cfbundle; includeInIndex = 0; path = "Raketa-iOSTests.xctest"; sourceTree = BUILT_PRODUCTS_DIR; };
		29553A711E943CB900623A95 /* Raketa_iOSTests.swift */ = {isa = PBXFileReference; lastKnownFileType = sourcecode.swift; path = Raketa_iOSTests.swift; sourceTree = "<group>"; };
		29553A731E943CB900623A95 /* Info.plist */ = {isa = PBXFileReference; lastKnownFileType = text.plist.xml; path = Info.plist; sourceTree = "<group>"; };
		29553A781E943CB900623A95 /* Raketa-iOSUITests.xctest */ = {isa = PBXFileReference; explicitFileType = wrapper.cfbundle; includeInIndex = 0; path = "Raketa-iOSUITests.xctest"; sourceTree = BUILT_PRODUCTS_DIR; };
		29553A7C1E943CB900623A95 /* Raketa_iOSUITests.swift */ = {isa = PBXFileReference; lastKnownFileType = sourcecode.swift; path = Raketa_iOSUITests.swift; sourceTree = "<group>"; };
		29553A7E1E943CB900623A95 /* Info.plist */ = {isa = PBXFileReference; lastKnownFileType = text.plist.xml; path = Info.plist; sourceTree = "<group>"; };
/* End PBXFileReference section */

/* Begin PBXFrameworksBuildPhase section */
		29553A531E943CB900623A95 /* Frameworks */ = {
			isa = PBXFrameworksBuildPhase;
			buildActionMask = 2147483647;
			files = (
			);
			runOnlyForDeploymentPostprocessing = 0;
		};
		29553A6A1E943CB900623A95 /* Frameworks */ = {
			isa = PBXFrameworksBuildPhase;
			buildActionMask = 2147483647;
			files = (
			);
			runOnlyForDeploymentPostprocessing = 0;
		};
		29553A751E943CB900623A95 /* Frameworks */ = {
			isa = PBXFrameworksBuildPhase;
			buildActionMask = 2147483647;
			files = (
			);
			runOnlyForDeploymentPostprocessing = 0;
		};
/* End PBXFrameworksBuildPhase section */

/* Begin PBXGroup section */
		29553A4D1E943CB900623A95 = {
			isa = PBXGroup;
			children = (
				29553A581E943CB900623A95 /* Raketa-iOS */,
				29553A701E943CB900623A95 /* Raketa-iOSTests */,
				29553A7B1E943CB900623A95 /* Raketa-iOSUITests */,
				29553A571E943CB900623A95 /* Products */,
			);
			sourceTree = "<group>";
		};
		29553A571E943CB900623A95 /* Products */ = {
			isa = PBXGroup;
			children = (
				29553A561E943CB900623A95 /* Raketa-iOS.app */,
				29553A6D1E943CB900623A95 /* Raketa-iOSTests.xctest */,
				29553A781E943CB900623A95 /* Raketa-iOSUITests.xctest */,
			);
			name = Products;
			sourceTree = "<group>";
		};
		29553A581E943CB900623A95 /* Raketa-iOS */ = {
			isa = PBXGroup;
			children = (
				29553A591E943CB900623A95 /* AppDelegate.swift */,
				29553A5B1E943CB900623A95 /* ViewController.swift */,
				29553A5D1E943CB900623A95 /* Main.storyboard */,
				29553A631E943CB900623A95 /* Assets.xcassets */,
				29553A651E943CB900623A95 /* LaunchScreen.storyboard */,
				29553A681E943CB900623A95 /* Info.plist */,
				29553A601E943CB900623A95 /* Raketa_iOS.xcdatamodeld */,
			);
			path = "Raketa-iOS";
			sourceTree = "<group>";
		};
		29553A701E943CB900623A95 /* Raketa-iOSTests */ = {
			isa = PBXGroup;
			children = (
				29553A711E943CB900623A95 /* Raketa_iOSTests.swift */,
				29553A731E943CB900623A95 /* Info.plist */,
			);
			path = "Raketa-iOSTests";
			sourceTree = "<group>";
		};
		29553A7B1E943CB900623A95 /* Raketa-iOSUITests */ = {
			isa = PBXGroup;
			children = (
				29553A7C1E943CB900623A95 /* Raketa_iOSUITests.swift */,
				29553A7E1E943CB900623A95 /* Info.plist */,
			);
			path = "Raketa-iOSUITests";
			sourceTree = "<group>";
		};
/* End PBXGroup section */

/* Begin PBXNativeTarget section */
		29553A551E943CB900623A95 /* Raketa-iOS */ = {
			isa = PBXNativeTarget;
			buildConfigurationList = 29553A811E943CB900623A95 /* Build configuration list for PBXNativeTarget "Raketa-iOS" */;
			buildPhases = (
				29553A521E943CB900623A95 /* Sources */,
				29553A531E943CB900623A95 /* Frameworks */,
				29553A541E943CB900623A95 /* Resources */,
			);
			buildRules = (
			);
			dependencies = (
			);
			name = "Raketa-iOS";
			productName = "Raketa-iOS";
			productReference = 29553A561E943CB900623A95 /* Raketa-iOS.app */;
			productType = "com.apple.product-type.application";
		};
		29553A6C1E943CB900623A95 /* Raketa-iOSTests */ = {
			isa = PBXNativeTarget;
			buildConfigurationList = 29553A841E943CB900623A95 /* Build configuration list for PBXNativeTarget "Raketa-iOSTests" */;
			buildPhases = (
				29553A691E943CB900623A95 /* Sources */,
				29553A6A1E943CB900623A95 /* Frameworks */,
				29553A6B1E943CB900623A95 /* Resources */,
			);
			buildRules = (
			);
			dependencies = (
				29553A6F1E943CB900623A95 /* PBXTargetDependency */,
			);
			name = "Raketa-iOSTests";
			productName = "Raketa-iOSTests";
			productReference = 29553A6D1E943CB900623A95 /* Raketa-iOSTests.xctest */;
			productType = "com.apple.product-type.bundle.unit-test";
		};
		29553A771E943CB900623A95 /* Raketa-iOSUITests */ = {
			isa = PBXNativeTarget;
			buildConfigurationList = 29553A871E943CB900623A95 /* Build configuration list for PBXNativeTarget "Raketa-iOSUITests" */;
			buildPhases = (
				29553A741E943CB900623A95 /* Sources */,
				29553A751E943CB900623A95 /* Frameworks */,
				29553A761E943CB900623A95 /* Resources */,
			);
			buildRules = (
			);
			dependencies = (
				29553A7A1E943CB900623A95 /* PBXTargetDependency */,
			);
			name = "Raketa-iOSUITests";
			productName = "Raketa-iOSUITests";
			productReference = 29553A781E943CB900623A95 /* Raketa-iOSUITests.xctest */;
			productType = "com.apple.product-type.bundle.ui-testing";
		};
/* End PBXNativeTarget section */

/* Begin PBXProject section */
		29553A4E1E943CB900623A95 /* Project object */ = {
			isa = PBXProject;
			attributes = {
				LastSwiftUpdateCheck = 0830;
				LastUpgradeCheck = 0830;
				ORGANIZATIONNAME = gHashTag;
				TargetAttributes = {
					29553A551E943CB900623A95 = {
						CreatedOnToolsVersion = 8.3;
						DevelopmentTeam = 5EM4M85VSQ;
						ProvisioningStyle = Automatic;
					};
					29553A6C1E943CB900623A95 = {
						CreatedOnToolsVersion = 8.3;
						DevelopmentTeam = 5EM4M85VSQ;
						ProvisioningStyle = Automatic;
						TestTargetID = 29553A551E943CB900623A95;
					};
					29553A771E943CB900623A95 = {
						CreatedOnToolsVersion = 8.3;
						DevelopmentTeam = 5EM4M85VSQ;
						ProvisioningStyle = Automatic;
						TestTargetID = 29553A551E943CB900623A95;
					};
				};
			};
			buildConfigurationList = 29553A511E943CB900623A95 /* Build configuration list for PBXProject "Raketa-iOS" */;
			compatibilityVersion = "Xcode 3.2";
			developmentRegion = English;
			hasScannedForEncodings = 0;
			knownRegions = (
				en,
				Base,
			);
			mainGroup = 29553A4D1E943CB900623A95;
			productRefGroup = 29553A571E943CB900623A95 /* Products */;
			projectDirPath = "";
			projectRoot = "";
			targets = (
				29553A551E943CB900623A95 /* Raketa-iOS */,
				29553A6C1E943CB900623A95 /* Raketa-iOSTests */,
				29553A771E943CB900623A95 /* Raketa-iOSUITests */,
			);
		};
/* End PBXProject section */

/* Begin PBXResourcesBuildPhase section */
		29553A541E943CB900623A95 /* Resources */ = {
			isa = PBXResourcesBuildPhase;
			buildActionMask = 2147483647;
			files = (
				29553A671E943CB900623A95 /* LaunchScreen.storyboard in Resources */,
				29553A641E943CB900623A95 /* Assets.xcassets in Resources */,
				29553A5F1E943CB900623A95 /* Main.storyboard in Resources */,
			);
			runOnlyForDeploymentPostprocessing = 0;
		};
		29553A6B1E943CB900623A95 /* Resources */ = {
			isa = PBXResourcesBuildPhase;
			buildActionMask = 2147483647;
			files = (
			);
			runOnlyForDeploymentPostprocessing = 0;
		};
		29553A761E943CB900623A95 /* Resources */ = {
			isa = PBXResourcesBuildPhase;
			buildActionMask = 2147483647;
			files = (
			);
			runOnlyForDeploymentPostprocessing = 0;
		};
/* End PBXResourcesBuildPhase section */

/* Begin PBXSourcesBuildPhase section */
		29553A521E943CB900623A95 /* Sources */ = {
			isa = PBXSourcesBuildPhase;
			buildActionMask = 2147483647;
			files = (
				29553A5C1E943CB900623A95 /* ViewController.swift in Sources */,
				29553A621E943CB900623A95 /* Raketa_iOS.xcdatamodeld in Sources */,
				29553A5A1E943CB900623A95 /* AppDelegate.swift in Sources */,
			);
			runOnlyForDeploymentPostprocessing = 0;
		};
		29553A691E943CB900623A95 /* Sources */ = {
			isa = PBXSourcesBuildPhase;
			buildActionMask = 2147483647;
			files = (
				29553A721E943CB900623A95 /* Raketa_iOSTests.swift in Sources */,
			);
			runOnlyForDeploymentPostprocessing = 0;
		};
		29553A741E943CB900623A95 /* Sources */ = {
			isa = PBXSourcesBuildPhase;
			buildActionMask = 2147483647;
			files = (
				29553A7D1E943CB900623A95 /* Raketa_iOSUITests.swift in Sources */,
			);
			runOnlyForDeploymentPostprocessing = 0;
		};
/* End PBXSourcesBuildPhase section */

/* Begin PBXTargetDependency section */
		29553A6F1E943CB900623A95 /* PBXTargetDependency */ = {
			isa = PBXTargetDependency;
			target = 29553A551E943CB900623A95 /* Raketa-iOS */;
			targetProxy = 29553A6E1E943CB900623A95 /* PBXContainerItemProxy */;
		};
		29553A7A1E943CB900623A95 /* PBXTargetDependency */ = {
			isa = PBXTargetDependency;
			target = 29553A551E943CB900623A95 /* Raketa-iOS */;
			targetProxy = 29553A791E943CB900623A95 /* PBXContainerItemProxy */;
		};
/* End PBXTargetDependency section */

/* Begin PBXVariantGroup section */
		29553A5D1E943CB900623A95 /* Main.storyboard */ = {
			isa = PBXVariantGroup;
			children = (
				29553A5E1E943CB900623A95 /* Base */,
			);
			name = Main.storyboard;
			sourceTree = "<group>";
		};
		29553A651E943CB900623A95 /* LaunchScreen.storyboard */ = {
			isa = PBXVariantGroup;
			children = (
				29553A661E943CB900623A95 /* Base */,
			);
			name = LaunchScreen.storyboard;
			sourceTree = "<group>";
		};
/* End PBXVariantGroup section */

/* Begin XCBuildConfiguration section */
		29553A7F1E943CB900623A95 /* Debug */ = {
			isa = XCBuildConfiguration;
			buildSettings = {
				ALWAYS_SEARCH_USER_PATHS = NO;
				CLANG_ANALYZER_NONNULL = YES;
				CLANG_ANALYZER_NUMBER_OBJECT_CONVERSION = YES_AGGRESSIVE;
				CLANG_CXX_LANGUAGE_STANDARD = "gnu++0x";
				CLANG_CXX_LIBRARY = "libc++";
				CLANG_ENABLE_MODULES = YES;
				CLANG_ENABLE_OBJC_ARC = YES;
				CLANG_WARN_BOOL_CONVERSION = YES;
				CLANG_WARN_CONSTANT_CONVERSION = YES;
				CLANG_WARN_DIRECT_OBJC_ISA_USAGE = YES_ERROR;
				CLANG_WARN_DOCUMENTATION_COMMENTS = YES;
				CLANG_WARN_EMPTY_BODY = YES;
				CLANG_WARN_ENUM_CONVERSION = YES;
				CLANG_WARN_INFINITE_RECURSION = YES;
				CLANG_WARN_INT_CONVERSION = YES;
				CLANG_WARN_OBJC_ROOT_CLASS = YES_ERROR;
				CLANG_WARN_SUSPICIOUS_MOVE = YES;
				CLANG_WARN_UNREACHABLE_CODE = YES;
				CLANG_WARN__DUPLICATE_METHOD_MATCH = YES;
				"CODE_SIGN_IDENTITY[sdk=iphoneos*]" = "iPhone Developer";
				COPY_PHASE_STRIP = NO;
				DEBUG_INFORMATION_FORMAT = dwarf;
				ENABLE_STRICT_OBJC_MSGSEND = YES;
				ENABLE_TESTABILITY = YES;
				GCC_C_LANGUAGE_STANDARD = gnu99;
				GCC_DYNAMIC_NO_PIC = NO;
				GCC_NO_COMMON_BLOCKS = YES;
				GCC_OPTIMIZATION_LEVEL = 0;
				GCC_PREPROCESSOR_DEFINITIONS = (
					"DEBUG=1",
					"$(inherited)",
				);
				GCC_WARN_64_TO_32_BIT_CONVERSION = YES;
				GCC_WARN_ABOUT_RETURN_TYPE = YES_ERROR;
				GCC_WARN_UNDECLARED_SELECTOR = YES;
				GCC_WARN_UNINITIALIZED_AUTOS = YES_AGGRESSIVE;
				GCC_WARN_UNUSED_FUNCTION = YES;
				GCC_WARN_UNUSED_VARIABLE = YES;
				IPHONEOS_DEPLOYMENT_TARGET = 10.3;
				MTL_ENABLE_DEBUG_INFO = YES;
				ONLY_ACTIVE_ARCH = YES;
				SDKROOT = iphoneos;
				SWIFT_ACTIVE_COMPILATION_CONDITIONS = DEBUG;
				SWIFT_OPTIMIZATION_LEVEL = "-Onone";
				TARGETED_DEVICE_FAMILY = "1,2";
			};
			name = Debug;
		};
		29553A801E943CB900623A95 /* Release */ = {
			isa = XCBuildConfiguration;
			buildSettings = {
				ALWAYS_SEARCH_USER_PATHS = NO;
				CLANG_ANALYZER_NONNULL = YES;
				CLANG_ANALYZER_NUMBER_OBJECT_CONVERSION = YES_AGGRESSIVE;
				CLANG_CXX_LANGUAGE_STANDARD = "gnu++0x";
				CLANG_CXX_LIBRARY = "libc++";
				CLANG_ENABLE_MODULES = YES;
				CLANG_ENABLE_OBJC_ARC = YES;
				CLANG_WARN_BOOL_CONVERSION = YES;
				CLANG_WARN_CONSTANT_CONVERSION = YES;
				CLANG_WARN_DIRECT_OBJC_ISA_USAGE = YES_ERROR;
				CLANG_WARN_DOCUMENTATION_COMMENTS = YES;
				CLANG_WARN_EMPTY_BODY = YES;
				CLANG_WARN_ENUM_CONVERSION = YES;
				CLANG_WARN_INFINITE_RECURSION = YES;
				CLANG_WARN_INT_CONVERSION = YES;
				CLANG_WARN_OBJC_ROOT_CLASS = YES_ERROR;
				CLANG_WARN_SUSPICIOUS_MOVE = YES;
				CLANG_WARN_UNREACHABLE_CODE = YES;
				CLANG_WARN__DUPLICATE_METHOD_MATCH = YES;
				"CODE_SIGN_IDENTITY[sdk=iphoneos*]" = "iPhone Developer";
				COPY_PHASE_STRIP = NO;
				DEBUG_INFORMATION_FORMAT = "dwarf-with-dsym";
				ENABLE_NS_ASSERTIONS = NO;
				ENABLE_STRICT_OBJC_MSGSEND = YES;
				GCC_C_LANGUAGE_STANDARD = gnu99;
				GCC_NO_COMMON_BLOCKS = YES;
				GCC_WARN_64_TO_32_BIT_CONVERSION = YES;
				GCC_WARN_ABOUT_RETURN_TYPE = YES_ERROR;
				GCC_WARN_UNDECLARED_SELECTOR = YES;
				GCC_WARN_UNINITIALIZED_AUTOS = YES_AGGRESSIVE;
				GCC_WARN_UNUSED_FUNCTION = YES;
				GCC_WARN_UNUSED_VARIABLE = YES;
				IPHONEOS_DEPLOYMENT_TARGET = 10.3;
				MTL_ENABLE_DEBUG_INFO = NO;
				SDKROOT = iphoneos;
				SWIFT_OPTIMIZATION_LEVEL = "-Owholemodule";
				TARGETED_DEVICE_FAMILY = "1,2";
				VALIDATE_PRODUCT = YES;
			};
			name = Release;
		};
		29553A821E943CB900623A95 /* Debug */ = {
			isa = XCBuildConfiguration;
			buildSettings = {
				ASSETCATALOG_COMPILER_APPICON_NAME = AppIcon;
				DEVELOPMENT_TEAM = 5EM4M85VSQ;
				INFOPLIST_FILE = "Raketa-iOS/Info.plist";
				LD_RUNPATH_SEARCH_PATHS = "$(inherited) @executable_path/Frameworks";
				PRODUCT_BUNDLE_IDENTIFIER = "gHashTag.Raketa-iOS";
				PRODUCT_NAME = "$(TARGET_NAME)";
				SWIFT_VERSION = 3.0;
			};
			name = Debug;
		};
		29553A831E943CB900623A95 /* Release */ = {
			isa = XCBuildConfiguration;
			buildSettings = {
				ASSETCATALOG_COMPILER_APPICON_NAME = AppIcon;
				DEVELOPMENT_TEAM = 5EM4M85VSQ;
				INFOPLIST_FILE = "Raketa-iOS/Info.plist";
				LD_RUNPATH_SEARCH_PATHS = "$(inherited) @executable_path/Frameworks";
				PRODUCT_BUNDLE_IDENTIFIER = "gHashTag.Raketa-iOS";
				PRODUCT_NAME = "$(TARGET_NAME)";
				SWIFT_VERSION = 3.0;
			};
			name = Release;
		};
		29553A851E943CB900623A95 /* Debug */ = {
			isa = XCBuildConfiguration;
			buildSettings = {
				ALWAYS_EMBED_SWIFT_STANDARD_LIBRARIES = YES;
				BUNDLE_LOADER = "$(TEST_HOST)";
				DEVELOPMENT_TEAM = 5EM4M85VSQ;
				INFOPLIST_FILE = "Raketa-iOSTests/Info.plist";
				LD_RUNPATH_SEARCH_PATHS = "$(inherited) @executable_path/Frameworks @loader_path/Frameworks";
				PRODUCT_BUNDLE_IDENTIFIER = "gHashTag.Raketa-iOSTests";
				PRODUCT_NAME = "$(TARGET_NAME)";
				SWIFT_VERSION = 3.0;
				TEST_HOST = "$(BUILT_PRODUCTS_DIR)/Raketa-iOS.app/Raketa-iOS";
			};
			name = Debug;
		};
		29553A861E943CB900623A95 /* Release */ = {
			isa = XCBuildConfiguration;
			buildSettings = {
				ALWAYS_EMBED_SWIFT_STANDARD_LIBRARIES = YES;
				BUNDLE_LOADER = "$(TEST_HOST)";
				DEVELOPMENT_TEAM = 5EM4M85VSQ;
				INFOPLIST_FILE = "Raketa-iOSTests/Info.plist";
				LD_RUNPATH_SEARCH_PATHS = "$(inherited) @executable_path/Frameworks @loader_path/Frameworks";
				PRODUCT_BUNDLE_IDENTIFIER = "gHashTag.Raketa-iOSTests";
				PRODUCT_NAME = "$(TARGET_NAME)";
				SWIFT_VERSION = 3.0;
				TEST_HOST = "$(BUILT_PRODUCTS_DIR)/Raketa-iOS.app/Raketa-iOS";
			};
			name = Release;
		};
		29553A881E943CB900623A95 /* Debug */ = {
			isa = XCBuildConfiguration;
			buildSettings = {
				ALWAYS_EMBED_SWIFT_STANDARD_LIBRARIES = YES;
				DEVELOPMENT_TEAM = 5EM4M85VSQ;
				INFOPLIST_FILE = "Raketa-iOSUITests/Info.plist";
				LD_RUNPATH_SEARCH_PATHS = "$(inherited) @executable_path/Frameworks @loader_path/Frameworks";
				PRODUCT_BUNDLE_IDENTIFIER = "gHashTag.Raketa-iOSUITests";
				PRODUCT_NAME = "$(TARGET_NAME)";
				SWIFT_VERSION = 3.0;
				TEST_TARGET_NAME = "Raketa-iOS";
			};
			name = Debug;
		};
		29553A891E943CB900623A95 /* Release */ = {
			isa = XCBuildConfiguration;
			buildSettings = {
				ALWAYS_EMBED_SWIFT_STANDARD_LIBRARIES = YES;
				DEVELOPMENT_TEAM = 5EM4M85VSQ;
				INFOPLIST_FILE = "Raketa-iOSUITests/Info.plist";
				LD_RUNPATH_SEARCH_PATHS = "$(inherited) @executable_path/Frameworks @loader_path/Frameworks";
				PRODUCT_BUNDLE_IDENTIFIER = "gHashTag.Raketa-iOSUITests";
				PRODUCT_NAME = "$(TARGET_NAME)";
				SWIFT_VERSION = 3.0;
				TEST_TARGET_NAME = "Raketa-iOS";
			};
			name = Release;
		};
/* End XCBuildConfiguration section */

/* Begin XCConfigurationList section */
		29553A511E943CB900623A95 /* Build configuration list for PBXProject "Raketa-iOS" */ = {
			isa = XCConfigurationList;
			buildConfigurations = (
				29553A7F1E943CB900623A95 /* Debug */,
				29553A801E943CB900623A95 /* Release */,
			);
			defaultConfigurationIsVisible = 0;
			defaultConfigurationName = Release;
		};
		29553A811E943CB900623A95 /* Build configuration list for PBXNativeTarget "Raketa-iOS" */ = {
			isa = XCConfigurationList;
			buildConfigurations = (
				29553A821E943CB900623A95 /* Debug */,
				29553A831E943CB900623A95 /* Release */,
			);
			defaultConfigurationIsVisible = 0;
		};
		29553A841E943CB900623A95 /* Build configuration list for PBXNativeTarget "Raketa-iOSTests" */ = {
			isa = XCConfigurationList;
			buildConfigurations = (
				29553A851E943CB900623A95 /* Debug */,
				29553A861E943CB900623A95 /* Release */,
			);
			defaultConfigurationIsVisible = 0;
		};
		29553A871E943CB900623A95 /* Build configuration list for PBXNativeTarget "Raketa-iOSUITests" */ = {
			isa = XCConfigurationList;
			buildConfigurations = (
				29553A881E943CB900623A95 /* Debug */,
				29553A891E943CB900623A95 /* Release */,
			);
			defaultConfigurationIsVisible = 0;
		};
/* End XCConfigurationList section */

/* Begin XCVersionGroup section */
		29553A601E943CB900623A95 /* Raketa_iOS.xcdatamodeld */ = {
			isa = XCVersionGroup;
			children = (
				29553A611E943CB900623A95 /* Raketa_iOS.xcdatamodel */,
			);
			currentVersion = 29553A611E943CB900623A95 /* Raketa_iOS.xcdatamodel */;
			path = Raketa_iOS.xcdatamodeld;
			sourceTree = "<group>";
			versionGroupType = wrapper.xcdatamodel;
		};
/* End XCVersionGroup section */
	};
	rootObject = 29553A4E1E943CB900623A95 /* Project object */;
}
